
Microsoft Visual Studio Solution File, Format Version 12.00
# Visual Studio Version 17
VisualStudioVersion = 17.0.31903.59
MinimumVisualStudioVersion = 10.0.40219.1
Project("{2150E333-8FDC-42A3-9474-1A3956D46DE8}") = "srcAuthenticationService", "srcAuthenticationService", "{3C360074-C092-C1B0-92B4-147EAE864BD1}"
EndProject
Project("{FAE04EC0-301F-11D3-BF4B-00C04F79EFBC}") = "AuthenticationService", "srcAuthenticationService\AuthenticationService\AuthenticationService.csproj", "{2728EC2C-2BF3-477B-B06C-62E1D403CD32}"
EndProject
Project("{2150E333-8FDC-42A3-9474-1A3956D46DE8}") = "srcBuildingService", "srcBuildingService", "{14A6E5E7-6556-29CA-B748-A7B3F4B1AE2E}"
EndProject
Project("{FAE04EC0-301F-11D3-BF4B-00C04F79EFBC}") = "BuildingService", "srcBuildingService\BuildingService\BuildingService.csproj", "{27AC1BF4-EBA6-4F6F-8483-AFAE87FF1399}"
EndProject
Project("{2150E333-8FDC-42A3-9474-1A3956D46DE8}") = "srcShared", "srcShared", "{B141E117-560F-4CAC-3DE4-576A319D563B}"
EndProject
Project("{FAE04EC0-301F-11D3-BF4B-00C04F79EFBC}") = "RemaxManagement.Shared", "srcShared\RemaxManagement.Shared\RemaxManagement.Shared.csproj", "{26BE7DE0-536C-473B-9602-4A85C0A5EB52}"
EndProject
Project("{2150E333-8FDC-42A3-9474-1A3956D46DE8}") = "srcWorkOrderService", "srcWorkOrderService", "{9E556412-4A0E-FD2C-6A41-A769FD2F2999}"
EndProject
Project("{FAE04EC0-301F-11D3-BF4B-00C04F79EFBC}") = "WorkOrderService", "srcWorkOrderService\WorkOrderService\WorkOrderService.csproj", "{27603813-8BAC-452A-A9A5-32B941777D51}"
EndProject
Project("{2150E333-8FDC-42A3-9474-1A3956D46DE8}") = "srcRfqService", "srcRfqService", "{CFB89C41-7E83-4ADB-39F0-26458A9BA729}"
EndProject
Project("{FAE04EC0-301F-11D3-BF4B-00C04F79EFBC}") = "RfqService", "srcRfqService\RfqService\RfqService.csproj", "{1937042A-C47F-424D-8996-E3BCC20CC8DE}"
EndProject
Project("{2150E333-8FDC-42A3-9474-1A3956D46DE8}") = "srcWorkSheetService", "srcWorkSheetService", "{DD784951-D0A7-77D2-FA46-875160F0B4AE}"
EndProject
Project("{FAE04EC0-301F-11D3-BF4B-00C04F79EFBC}") = "WorkSheetService", "srcWorkSheetService\WorkSheetService\WorkSheetService.csproj", "{DC08E9DC-842F-49F6-A937-2B18B8E42E3B}"
EndProject
Project("{2150E333-8FDC-42A3-9474-1A3956D46DE8}") = "srcUsersService", "srcUsersService", "{EACF733E-5FFA-7052-9031-CED32E5CAB62}"
EndProject
Project("{FAE04EC0-301F-11D3-BF4B-00C04F79EFBC}") = "UsersService", "srcUsersService\UsersService\UsersService.csproj", "{6B15CBC3-4D3D-4BFC-A11B-17F89A483551}"
EndProject
Project("{2150E333-8FDC-42A3-9474-1A3956D46DE8}") = "srcAttachmentService", "srcAttachmentService", "{DF1439E4-8DF9-7F78-AE18-C9F9B0B23085}"
EndProject
Project("{FAE04EC0-301F-11D3-BF4B-00C04F79EFBC}") = "AttachmentService", "srcAttachmentService\AttachmentService\AttachmentService.csproj", "{10F61DCE-24B9-4D46-B69B-8B1E4C337949}"
EndProject
Project("{2150E333-8FDC-42A3-9474-1A3956D46DE8}") = "srcSupplierService", "srcSupplierService", "{7099117F-6E8D-3781-065A-B299ED488415}"
EndProject
Project("{FAE04EC0-301F-11D3-BF4B-00C04F79EFBC}") = "SupplierService", "srcSupplierService\SupplierService\SupplierService.csproj", "{CB1A6B46-C2AB-ED85-D7A7-43F6DC201024}"
EndProject
Project("{2150E333-8FDC-42A3-9474-1A3956D46DE8}") = "srcCommunicationService", "srcCommunicationService", "{35375AED-381B-2F02-AB82-E642037F7A5F}"
EndProject
Project("{FAE04EC0-301F-11D3-BF4B-00C04F79EFBC}") = "CommunicationService", "srcCommunicationService\CommunicationService\CommunicationService.csproj", "{DEDCE9A1-1638-49C3-9AFE-47A4D61D44BD}"
EndProject
Project("{2150E333-8FDC-42A3-9474-1A3956D46DE8}") = "srcIssueService", "srcIssueService", "{40C430F2-4B4B-E883-8F38-2B50ED8695C5}"
EndProject
Project("{FAE04EC0-301F-11D3-BF4B-00C04F79EFBC}") = "IssueService", "srcIssueService\IssueService\IssueService.csproj", "{741BFE8D-82DD-4DDF-8CA8-92BE1CD6B6EC}"
EndProject
Project("{2150E333-8FDC-42A3-9474-1A3956D46DE8}") = "srcMaintenanceService", "srcMaintenanceService", "{EC131D37-AC89-5F42-D207-8D35EC22DF8D}"
EndProject
Project("{FAE04EC0-301F-11D3-BF4B-00C04F79EFBC}") = "MaintenanceService", "srcMaintenanceService\MaintenanceService\MaintenanceService.csproj", "{37422F21-33E2-4B01-9B4E-A061CE48FDF1}"
EndProject
Project("{2150E333-8FDC-42A3-9474-1A3956D46DE8}") = "srcInsuranceService", "srcInsuranceService", "{98EB13D2-31E2-A20D-3593-DAD1B26EEE3B}"
EndProject
Project("{FAE04EC0-301F-11D3-BF4B-00C04F79EFBC}") = "InsuranceService", "srcInsuranceService\InsuranceService\InsuranceService.csproj", "{63DB3107-F3F4-491D-8E4C-D6E5B974190B}"
EndProject
Project("{2150E333-8FDC-42A3-9474-1A3956D46DE8}") = "srcCheckListService", "srcCheckListService", "{0EEAE82A-28A4-844D-AEB6-CD08FCF1E915}"
EndProject
Project("{FAE04EC0-301F-11D3-BF4B-00C04F79EFBC}") = "CheckListService", "srcCheckListService\CheckListService\CheckListService.csproj", "{F4C8050B-9EE5-4768-9FD8-08E055267CE4}"
EndProject
Project("{2150E333-8FDC-42A3-9474-1A3956D46DE8}") = "srcTenantService", "srcTenantService", "{A1B2C3D4-E5F6-7890-ABCD-EF1234567890}"
EndProject
Project("{FAE04EC0-301F-11D3-BF4B-00C04F79EFBC}") = "TenantService", "srcTenantService\TenantService\TenantService.csproj", "{00000000-0000-0000-0000-000000000000}"
EndProject
Global
	GlobalSection(SolutionConfigurationPlatforms) = preSolution
		Debug|Any CPU = Debug|Any CPU
		Debug|x64 = Debug|x64
		Debug|x86 = Debug|x86
		Release|Any CPU = Release|Any CPU
		Release|x64 = Release|x64
		Release|x86 = Release|x86
	EndGlobalSection
	GlobalSection(ProjectConfigurationPlatforms) = postSolution
		{2728EC2C-2BF3-477B-B06C-62E1D403CD32}.Debug|Any CPU.ActiveCfg = Debug|Any CPU
		{2728EC2C-2BF3-477B-B06C-62E1D403CD32}.Debug|Any CPU.Build.0 = Debug|Any CPU
		{2728EC2C-2BF3-477B-B06C-62E1D403CD32}.Debug|x64.ActiveCfg = Debug|Any CPU
		{2728EC2C-2BF3-477B-B06C-62E1D403CD32}.Debug|x64.Build.0 = Debug|Any CPU
		{2728EC2C-2BF3-477B-B06C-62E1D403CD32}.Debug|x86.ActiveCfg = Debug|Any CPU
		{2728EC2C-2BF3-477B-B06C-62E1D403CD32}.Debug|x86.Build.0 = Debug|Any CPU
		{2728EC2C-2BF3-477B-B06C-62E1D403CD32}.Release|Any CPU.ActiveCfg = Release|Any CPU
		{2728EC2C-2BF3-477B-B06C-62E1D403CD32}.Release|Any CPU.Build.0 = Release|Any CPU
		{2728EC2C-2BF3-477B-B06C-62E1D403CD32}.Release|x64.ActiveCfg = Release|Any CPU
		{2728EC2C-2BF3-477B-B06C-62E1D403CD32}.Release|x64.Build.0 = Release|Any CPU
		{2728EC2C-2BF3-477B-B06C-62E1D403CD32}.Release|x86.ActiveCfg = Release|Any CPU
		{2728EC2C-2BF3-477B-B06C-62E1D403CD32}.Release|x86.Build.0 = Release|Any CPU
		{27AC1BF4-EBA6-4F6F-8483-AFAE87FF1399}.Debug|Any CPU.ActiveCfg = Debug|Any CPU
		{27AC1BF4-EBA6-4F6F-8483-AFAE87FF1399}.Debug|Any CPU.Build.0 = Debug|Any CPU
		{27AC1BF4-EBA6-4F6F-8483-AFAE87FF1399}.Debug|x64.ActiveCfg = Debug|Any CPU
		{27AC1BF4-EBA6-4F6F-8483-AFAE87FF1399}.Debug|x64.Build.0 = Debug|Any CPU
		{27AC1BF4-EBA6-4F6F-8483-AFAE87FF1399}.Debug|x86.ActiveCfg = Debug|Any CPU
		{27AC1BF4-EBA6-4F6F-8483-AFAE87FF1399}.Debug|x86.Build.0 = Debug|Any CPU
		{27AC1BF4-EBA6-4F6F-8483-AFAE87FF1399}.Release|Any CPU.ActiveCfg = Release|Any CPU
		{27AC1BF4-EBA6-4F6F-8483-AFAE87FF1399}.Release|Any CPU.Build.0 = Release|Any CPU
		{27AC1BF4-EBA6-4F6F-8483-AFAE87FF1399}.Release|x64.ActiveCfg = Release|Any CPU
		{27AC1BF4-EBA6-4F6F-8483-AFAE87FF1399}.Release|x64.Build.0 = Release|Any CPU
		{27AC1BF4-EBA6-4F6F-8483-AFAE87FF1399}.Release|x86.ActiveCfg = Release|Any CPU
		{27AC1BF4-EBA6-4F6F-8483-AFAE87FF1399}.Release|x86.Build.0 = Release|Any CPU
		{26BE7DE0-536C-473B-9602-4A85C0A5EB52}.Debug|Any CPU.ActiveCfg = Debug|Any CPU
		{26BE7DE0-536C-473B-9602-4A85C0A5EB52}.Debug|Any CPU.Build.0 = Debug|Any CPU
		{26BE7DE0-536C-473B-9602-4A85C0A5EB52}.Debug|x64.ActiveCfg = Debug|Any CPU
		{26BE7DE0-536C-473B-9602-4A85C0A5EB52}.Debug|x64.Build.0 = Debug|Any CPU
		{26BE7DE0-536C-473B-9602-4A85C0A5EB52}.Debug|x86.ActiveCfg = Debug|Any CPU
		{26BE7DE0-536C-473B-9602-4A85C0A5EB52}.Debug|x86.Build.0 = Debug|Any CPU
		{26BE7DE0-536C-473B-9602-4A85C0A5EB52}.Release|Any CPU.ActiveCfg = Release|Any CPU
		{26BE7DE0-536C-473B-9602-4A85C0A5EB52}.Release|Any CPU.Build.0 = Release|Any CPU
		{26BE7DE0-536C-473B-9602-4A85C0A5EB52}.Release|x64.ActiveCfg = Release|Any CPU
		{26BE7DE0-536C-473B-9602-4A85C0A5EB52}.Release|x64.Build.0 = Release|Any CPU
		{26BE7DE0-536C-473B-9602-4A85C0A5EB52}.Release|x86.ActiveCfg = Release|Any CPU
		{26BE7DE0-536C-473B-9602-4A85C0A5EB52}.Release|x86.Build.0 = Release|Any CPU
		{27603813-8BAC-452A-A9A5-32B941777D51}.Debug|Any CPU.ActiveCfg = Debug|Any CPU
		{27603813-8BAC-452A-A9A5-32B941777D51}.Debug|Any CPU.Build.0 = Debug|Any CPU
		{27603813-8BAC-452A-A9A5-32B941777D51}.Debug|x64.ActiveCfg = Debug|Any CPU
		{27603813-8BAC-452A-A9A5-32B941777D51}.Debug|x64.Build.0 = Debug|Any CPU
		{27603813-8BAC-452A-A9A5-32B941777D51}.Debug|x86.ActiveCfg = Debug|Any CPU
		{27603813-8BAC-452A-A9A5-32B941777D51}.Debug|x86.Build.0 = Debug|Any CPU
		{27603813-8BAC-452A-A9A5-32B941777D51}.Release|Any CPU.ActiveCfg = Release|Any CPU
		{27603813-8BAC-452A-A9A5-32B941777D51}.Release|Any CPU.Build.0 = Release|Any CPU
		{27603813-8BAC-452A-A9A5-32B941777D51}.Release|x64.ActiveCfg = Release|Any CPU
		{27603813-8BAC-452A-A9A5-32B941777D51}.Release|x64.Build.0 = Release|Any CPU
		{27603813-8BAC-452A-A9A5-32B941777D51}.Release|x86.ActiveCfg = Release|Any CPU
		{27603813-8BAC-452A-A9A5-32B941777D51}.Release|x86.Build.0 = Release|Any CPU
		{1937042A-C47F-424D-8996-E3BCC20CC8DE}.Debug|Any CPU.ActiveCfg = Debug|Any CPU
		{1937042A-C47F-424D-8996-E3BCC20CC8DE}.Debug|Any CPU.Build.0 = Debug|Any CPU
		{1937042A-C47F-424D-8996-E3BCC20CC8DE}.Debug|x64.ActiveCfg = Debug|Any CPU
		{1937042A-C47F-424D-8996-E3BCC20CC8DE}.Debug|x64.Build.0 = Debug|Any CPU
		{1937042A-C47F-424D-8996-E3BCC20CC8DE}.Debug|x86.ActiveCfg = Debug|Any CPU
		{1937042A-C47F-424D-8996-E3BCC20CC8DE}.Debug|x86.Build.0 = Debug|Any CPU
		{1937042A-C47F-424D-8996-E3BCC20CC8DE}.Release|Any CPU.ActiveCfg = Release|Any CPU
		{1937042A-C47F-424D-8996-E3BCC20CC8DE}.Release|Any CPU.Build.0 = Release|Any CPU
		{1937042A-C47F-424D-8996-E3BCC20CC8DE}.Release|x64.ActiveCfg = Release|Any CPU
		{1937042A-C47F-424D-8996-E3BCC20CC8DE}.Release|x64.Build.0 = Release|Any CPU
		{1937042A-C47F-424D-8996-E3BCC20CC8DE}.Release|x86.ActiveCfg = Release|Any CPU
		{1937042A-C47F-424D-8996-E3BCC20CC8DE}.Release|x86.Build.0 = Release|Any CPU
		{DC08E9DC-842F-49F6-A937-2B18B8E42E3B}.Debug|Any CPU.ActiveCfg = Debug|Any CPU
		{DC08E9DC-842F-49F6-A937-2B18B8E42E3B}.Debug|Any CPU.Build.0 = Debug|Any CPU
		{DC08E9DC-842F-49F6-A937-2B18B8E42E3B}.Debug|x64.ActiveCfg = Debug|Any CPU
		{DC08E9DC-842F-49F6-A937-2B18B8E42E3B}.Debug|x64.Build.0 = Debug|Any CPU
		{DC08E9DC-842F-49F6-A937-2B18B8E42E3B}.Debug|x86.ActiveCfg = Debug|Any CPU
		{DC08E9DC-842F-49F6-A937-2B18B8E42E3B}.Debug|x86.Build.0 = Debug|Any CPU
		{DC08E9DC-842F-49F6-A937-2B18B8E42E3B}.Release|Any CPU.ActiveCfg = Release|Any CPU
		{DC08E9DC-842F-49F6-A937-2B18B8E42E3B}.Release|Any CPU.Build.0 = Release|Any CPU
		{DC08E9DC-842F-49F6-A937-2B18B8E42E3B}.Release|x64.ActiveCfg = Release|Any CPU
		{DC08E9DC-842F-49F6-A937-2B18B8E42E3B}.Release|x64.Build.0 = Release|Any CPU
		{DC08E9DC-842F-49F6-A937-2B18B8E42E3B}.Release|x86.ActiveCfg = Release|Any CPU
		{DC08E9DC-842F-49F6-A937-2B18B8E42E3B}.Release|x86.Build.0 = Release|Any CPU
		{6B15CBC3-4D3D-4BFC-A11B-17F89A483551}.Debug|Any CPU.ActiveCfg = Debug|Any CPU
		{6B15CBC3-4D3D-4BFC-A11B-17F89A483551}.Debug|Any CPU.Build.0 = Debug|Any CPU
		{6B15CBC3-4D3D-4BFC-A11B-17F89A483551}.Debug|x64.ActiveCfg = Debug|Any CPU
		{6B15CBC3-4D3D-4BFC-A11B-17F89A483551}.Debug|x64.Build.0 = Debug|Any CPU
		{6B15CBC3-4D3D-4BFC-A11B-17F89A483551}.Debug|x86.ActiveCfg = Debug|Any CPU
		{6B15CBC3-4D3D-4BFC-A11B-17F89A483551}.Debug|x86.Build.0 = Debug|Any CPU
		{6B15CBC3-4D3D-4BFC-A11B-17F89A483551}.Release|Any CPU.ActiveCfg = Release|Any CPU
		{6B15CBC3-4D3D-4BFC-A11B-17F89A483551}.Release|Any CPU.Build.0 = Release|Any CPU
		{6B15CBC3-4D3D-4BFC-A11B-17F89A483551}.Release|x64.ActiveCfg = Release|Any CPU
		{6B15CBC3-4D3D-4BFC-A11B-17F89A483551}.Release|x64.Build.0 = Release|Any CPU
		{6B15CBC3-4D3D-4BFC-A11B-17F89A483551}.Release|x86.ActiveCfg = Release|Any CPU
		{6B15CBC3-4D3D-4BFC-A11B-17F89A483551}.Release|x86.Build.0 = Release|Any CPU
		{10F61DCE-24B9-4D46-B69B-8B1E4C337949}.Debug|Any CPU.ActiveCfg = Debug|Any CPU
		{10F61DCE-24B9-4D46-B69B-8B1E4C337949}.Debug|Any CPU.Build.0 = Debug|Any CPU
		{10F61DCE-24B9-4D46-B69B-8B1E4C337949}.Debug|x64.ActiveCfg = Debug|Any CPU
		{10F61DCE-24B9-4D46-B69B-8B1E4C337949}.Debug|x64.Build.0 = Debug|Any CPU
		{10F61DCE-24B9-4D46-B69B-8B1E4C337949}.Debug|x86.ActiveCfg = Debug|Any CPU
		{10F61DCE-24B9-4D46-B69B-8B1E4C337949}.Debug|x86.Build.0 = Debug|Any CPU
		{10F61DCE-24B9-4D46-B69B-8B1E4C337949}.Release|Any CPU.ActiveCfg = Release|Any CPU
		{10F61DCE-24B9-4D46-B69B-8B1E4C337949}.Release|Any CPU.Build.0 = Release|Any CPU
		{10F61DCE-24B9-4D46-B69B-8B1E4C337949}.Release|x64.ActiveCfg = Release|Any CPU
		{10F61DCE-24B9-4D46-B69B-8B1E4C337949}.Release|x64.Build.0 = Release|Any CPU
		{10F61DCE-24B9-4D46-B69B-8B1E4C337949}.Release|x86.ActiveCfg = Release|Any CPU
		{10F61DCE-24B9-4D46-B69B-8B1E4C337949}.Release|x86.Build.0 = Release|Any CPU
		{DEDCE9A1-1638-49C3-9AFE-47A4D61D44BD}.Debug|Any CPU.ActiveCfg = Debug|Any CPU
		{DEDCE9A1-1638-49C3-9AFE-47A4D61D44BD}.Debug|Any CPU.Build.0 = Debug|Any CPU
		{DEDCE9A1-1638-49C3-9AFE-47A4D61D44BD}.Debug|x64.ActiveCfg = Debug|Any CPU
		{DEDCE9A1-1638-49C3-9AFE-47A4D61D44BD}.Debug|x64.Build.0 = Debug|Any CPU
		{DEDCE9A1-1638-49C3-9AFE-47A4D61D44BD}.Debug|x86.ActiveCfg = Debug|Any CPU
		{DEDCE9A1-1638-49C3-9AFE-47A4D61D44BD}.Debug|x86.Build.0 = Debug|Any CPU
		{DEDCE9A1-1638-49C3-9AFE-47A4D61D44BD}.Release|Any CPU.ActiveCfg = Release|Any CPU
		{DEDCE9A1-1638-49C3-9AFE-47A4D61D44BD}.Release|Any CPU.Build.0 = Release|Any CPU
		{DEDCE9A1-1638-49C3-9AFE-47A4D61D44BD}.Release|x64.ActiveCfg = Release|Any CPU
		{DEDCE9A1-1638-49C3-9AFE-47A4D61D44BD}.Release|x64.Build.0 = Release|Any CPU
		{DEDCE9A1-1638-49C3-9AFE-47A4D61D44BD}.Release|x86.ActiveCfg = Release|Any CPU
		{DEDCE9A1-1638-49C3-9AFE-47A4D61D44BD}.Release|x86.Build.0 = Release|Any CPU
		{741BFE8D-82DD-4DDF-8CA8-92BE1CD6B6EC}.Debug|Any CPU.ActiveCfg = Debug|Any CPU
		{741BFE8D-82DD-4DDF-8CA8-92BE1CD6B6EC}.Debug|Any CPU.Build.0 = Debug|Any CPU
		{741BFE8D-82DD-4DDF-8CA8-92BE1CD6B6EC}.Debug|x64.ActiveCfg = Debug|Any CPU
		{741BFE8D-82DD-4DDF-8CA8-92BE1CD6B6EC}.Debug|x64.Build.0 = Debug|Any CPU
		{741BFE8D-82DD-4DDF-8CA8-92BE1CD6B6EC}.Debug|x86.ActiveCfg = Debug|Any CPU
		{741BFE8D-82DD-4DDF-8CA8-92BE1CD6B6EC}.Debug|x86.Build.0 = Debug|Any CPU
		{741BFE8D-82DD-4DDF-8CA8-92BE1CD6B6EC}.Release|Any CPU.ActiveCfg = Release|Any CPU
		{741BFE8D-82DD-4DDF-8CA8-92BE1CD6B6EC}.Release|Any CPU.Build.0 = Release|Any CPU
		{741BFE8D-82DD-4DDF-8CA8-92BE1CD6B6EC}.Release|x64.ActiveCfg = Release|Any CPU
		{741BFE8D-82DD-4DDF-8CA8-92BE1CD6B6EC}.Release|x64.Build.0 = Release|Any CPU
		{741BFE8D-82DD-4DDF-8CA8-92BE1CD6B6EC}.Release|x86.ActiveCfg = Release|Any CPU
		{741BFE8D-82DD-4DDF-8CA8-92BE1CD6B6EC}.Release|x86.Build.0 = Release|Any CPU
		{37422F21-33E2-4B01-9B4E-A061CE48FDF1}.Debug|Any CPU.ActiveCfg = Debug|Any CPU
		{37422F21-33E2-4B01-9B4E-A061CE48FDF1}.Debug|Any CPU.Build.0 = Debug|Any CPU
		{37422F21-33E2-4B01-9B4E-A061CE48FDF1}.Debug|x64.ActiveCfg = Debug|Any CPU
		{37422F21-33E2-4B01-9B4E-A061CE48FDF1}.Debug|x64.Build.0 = Debug|Any CPU
		{37422F21-33E2-4B01-9B4E-A061CE48FDF1}.Debug|x86.ActiveCfg = Debug|Any CPU
		{37422F21-33E2-4B01-9B4E-A061CE48FDF1}.Debug|x86.Build.0 = Debug|Any CPU
		{37422F21-33E2-4B01-9B4E-A061CE48FDF1}.Release|Any CPU.ActiveCfg = Release|Any CPU
		{37422F21-33E2-4B01-9B4E-A061CE48FDF1}.Release|Any CPU.Build.0 = Release|Any CPU
		{37422F21-33E2-4B01-9B4E-A061CE48FDF1}.Release|x64.ActiveCfg = Release|Any CPU
		{37422F21-33E2-4B01-9B4E-A061CE48FDF1}.Release|x64.Build.0 = Release|Any CPU
		{37422F21-33E2-4B01-9B4E-A061CE48FDF1}.Release|x86.ActiveCfg = Release|Any CPU
		{37422F21-33E2-4B01-9B4E-A061CE48FDF1}.Release|x86.Build.0 = Release|Any CPU
		{63DB3107-F3F4-491D-8E4C-D6E5B974190B}.Debug|Any CPU.ActiveCfg = Debug|Any CPU
		{63DB3107-F3F4-491D-8E4C-D6E5B974190B}.Debug|Any CPU.Build.0 = Debug|Any CPU
		{63DB3107-F3F4-491D-8E4C-D6E5B974190B}.Debug|x64.ActiveCfg = Debug|Any CPU
		{63DB3107-F3F4-491D-8E4C-D6E5B974190B}.Debug|x64.Build.0 = Debug|Any CPU
		{63DB3107-F3F4-491D-8E4C-D6E5B974190B}.Debug|x86.ActiveCfg = Debug|Any CPU
		{63DB3107-F3F4-491D-8E4C-D6E5B974190B}.Debug|x86.Build.0 = Debug|Any CPU
		{63DB3107-F3F4-491D-8E4C-D6E5B974190B}.Release|Any CPU.ActiveCfg = Release|Any CPU
		{63DB3107-F3F4-491D-8E4C-D6E5B974190B}.Release|Any CPU.Build.0 = Release|Any CPU
		{63DB3107-F3F4-491D-8E4C-D6E5B974190B}.Release|x64.ActiveCfg = Release|Any CPU
		{63DB3107-F3F4-491D-8E4C-D6E5B974190B}.Release|x64.Build.0 = Release|Any CPU
		{63DB3107-F3F4-491D-8E4C-D6E5B974190B}.Release|x86.ActiveCfg = Release|Any CPU
		{63DB3107-F3F4-491D-8E4C-D6E5B974190B}.Release|x86.Build.0 = Release|Any CPU
		{F4C8050B-9EE5-4768-9FD8-08E055267CE4}.Debug|Any CPU.ActiveCfg = Debug|Any CPU
		{F4C8050B-9EE5-4768-9FD8-08E055267CE4}.Debug|Any CPU.Build.0 = Debug|Any CPU
		{F4C8050B-9EE5-4768-9FD8-08E055267CE4}.Debug|x64.ActiveCfg = Debug|Any CPU
		{F4C8050B-9EE5-4768-9FD8-08E055267CE4}.Debug|x64.Build.0 = Debug|Any CPU
		{F4C8050B-9EE5-4768-9FD8-08E055267CE4}.Debug|x86.ActiveCfg = Debug|Any CPU
		{F4C8050B-9EE5-4768-9FD8-08E055267CE4}.Debug|x86.Build.0 = Debug|Any CPU
		{F4C8050B-9EE5-4768-9FD8-08E055267CE4}.Release|Any CPU.ActiveCfg = Release|Any CPU
		{F4C8050B-9EE5-4768-9FD8-08E055267CE4}.Release|Any CPU.Build.0 = Release|Any CPU
		{F4C8050B-9EE5-4768-9FD8-08E055267CE4}.Release|x64.ActiveCfg = Release|Any CPU
		{F4C8050B-9EE5-4768-9FD8-08E055267CE4}.Release|x64.Build.0 = Release|Any CPU
		{F4C8050B-9EE5-4768-9FD8-08E055267CE4}.Release|x86.ActiveCfg = Release|Any CPU
		{F4C8050B-9EE5-4768-9FD8-08E055267CE4}.Release|x86.Build.0 = Release|Any CPU
		{CB1A6B46-C2AB-ED85-D7A7-43F6DC201024}.Debug|Any CPU.ActiveCfg = Debug|Any CPU
		{CB1A6B46-C2AB-ED85-D7A7-43F6DC201024}.Debug|Any CPU.Build.0 = Debug|Any CPU
		{00000000-0000-0000-0000-000000000000}.Debug|Any CPU.ActiveCfg = Debug|Any CPU
		{00000000-0000-0000-0000-000000000000}.Debug|Any CPU.Build.0 = Debug|Any CPU
	EndGlobalSection
	GlobalSection(SolutionProperties) = preSolution
		HideSolutionNode = FALSE
	EndGlobalSection
	GlobalSection(NestedProjects) = preSolution
		{2728EC2C-2BF3-477B-B06C-62E1D403CD32} = {3C360074-C092-C1B0-92B4-147EAE864BD1}
		{27AC1BF4-EBA6-4F6F-8483-AFAE87FF1399} = {14A6E5E7-6556-29CA-B748-A7B3F4B1AE2E}
		{26BE7DE0-536C-473B-9602-4A85C0A5EB52} = {B141E117-560F-4CAC-3DE4-576A319D563B}
		{27603813-8BAC-452A-A9A5-32B941777D51} = {9E556412-4A0E-FD2C-6A41-A769FD2F2999}
		{1937042A-C47F-424D-8996-E3BCC20CC8DE} = {CFB89C41-7E83-4ADB-39F0-26458A9BA729}
		{DC08E9DC-842F-49F6-A937-2B18B8E42E3B} = {DD784951-D0A7-77D2-FA46-875160F0B4AE}
		{6B15CBC3-4D3D-4BFC-A11B-17F89A483551} = {EACF733E-5FFA-7052-9031-CED32E5CAB62}
		{10F61DCE-24B9-4D46-B69B-8B1E4C337949} = {DF1439E4-8DF9-7F78-AE18-C9F9B0B23085}
		{DEDCE9A1-1638-49C3-9AFE-47A4D61D44BD} = {35375AED-381B-2F02-AB82-E642037F7A5F}
		{741BFE8D-82DD-4DDF-8CA8-92BE1CD6B6EC} = {40C430F2-4B4B-E883-8F38-2B50ED8695C5}
		{37422F21-33E2-4B01-9B4E-A061CE48FDF1} = {EC131D37-AC89-5F42-D207-8D35EC22DF8D}
		{63DB3107-F3F4-491D-8E4C-D6E5B974190B} = {98EB13D2-31E2-A20D-3593-DAD1B26EEE3B}
		{F4C8050B-9EE5-4768-9FD8-08E055267CE4} = {0EEAE82A-28A4-844D-AEB6-CD08FCF1E915}
		{B2C3D4E5-F6G7-8901-BCDE-F23456789012} = {A1B2C3D4-E5F6-7890-ABCD-EF1234567890}
	EndGlobalSection
EndGlobal
