
Microsoft Visual Studio Solution File, Format Version 12.00
# Visual Studio Version 17
VisualStudioVersion = 17.14.36202.13
MinimumVisualStudioVersion = 10.0.40219.1
Project("{FAE04EC0-301F-11D3-BF4B-00C04F79EFBC}") = "UserService", "UserService\UserService.csproj", "{7368C73C-54FE-4294-9DEA-5E687426A925}"
EndProject
Project("{E53339B2-1760-4266-BCC7-CA923CBCF16C}") = "docker-compose", "docker-compose.dcproj", "{81DDED9D-158B-E303-5F62-77A2896D2A5A}"
EndProject
Project("{FAE04EC0-301F-11D3-BF4B-00C04F79EFBC}") = "MappingService", "MappingService\MappingService.csproj", "{35217ABD-FBE8-6213-BD89-88ACEF7FD10E}"
EndProject
Project("{FAE04EC0-301F-11D3-BF4B-00C04F79EFBC}") = "BuildingService", "BuildingService\BuildingService.csproj", "{093CAF8A-25A8-E483-2582-72F4F308B900}"
EndProject
Global
	GlobalSection(SolutionConfigurationPlatforms) = preSolution
		Debug|Any CPU = Debug|Any CPU
		Release|Any CPU = Release|Any CPU
	EndGlobalSection
	GlobalSection(ProjectConfigurationPlatforms) = postSolution
		{7368C73C-54FE-4294-9DEA-5E687426A925}.Debug|Any CPU.ActiveCfg = Debug|Any CPU
		{7368C73C-54FE-4294-9DEA-5E687426A925}.Debug|Any CPU.Build.0 = Debug|Any CPU
		{7368C73C-54FE-4294-9DEA-5E687426A925}.Release|Any CPU.ActiveCfg = Release|Any CPU
		{7368C73C-54FE-4294-9DEA-5E687426A925}.Release|Any CPU.Build.0 = Release|Any CPU
		{81DDED9D-158B-E303-5F62-77A2896D2A5A}.Debug|Any CPU.ActiveCfg = Debug|Any CPU
		{81DDED9D-158B-E303-5F62-77A2896D2A5A}.Debug|Any CPU.Build.0 = Debug|Any CPU
		{81DDED9D-158B-E303-5F62-77A2896D2A5A}.Release|Any CPU.ActiveCfg = Release|Any CPU
		{81DDED9D-158B-E303-5F62-77A2896D2A5A}.Release|Any CPU.Build.0 = Release|Any CPU
		{35217ABD-FBE8-6213-BD89-88ACEF7FD10E}.Debug|Any CPU.ActiveCfg = Debug|Any CPU
		{35217ABD-FBE8-6213-BD89-88ACEF7FD10E}.Debug|Any CPU.Build.0 = Debug|Any CPU
		{35217ABD-FBE8-6213-BD89-88ACEF7FD10E}.Release|Any CPU.ActiveCfg = Release|Any CPU
		{35217ABD-FBE8-6213-BD89-88ACEF7FD10E}.Release|Any CPU.Build.0 = Release|Any CPU
		{093CAF8A-25A8-E483-2582-72F4F308B900}.Debug|Any CPU.ActiveCfg = Debug|Any CPU
		{093CAF8A-25A8-E483-2582-72F4F308B900}.Debug|Any CPU.Build.0 = Debug|Any CPU
		{093CAF8A-25A8-E483-2582-72F4F308B900}.Release|Any CPU.ActiveCfg = Release|Any CPU
		{093CAF8A-25A8-E483-2582-72F4F308B900}.Release|Any CPU.Build.0 = Release|Any CPU
	EndGlobalSection
	GlobalSection(SolutionProperties) = preSolution
		HideSolutionNode = FALSE
	EndGlobalSection
	GlobalSection(ExtensibilityGlobals) = postSolution
		SolutionGuid = {D7FEF49C-C2EF-43BB-A756-2F22EDAA6780}
	EndGlobalSection
EndGlobal
